// !$*UTF8*$!
{
	archiveVersion = 1;
	classes = {
	};
	objectVersion = 45;
	objects = {

/* Begin PBXAggregateTarget section */
		1D33DFE2127C2C32005F0B20 /* make */ = {
			isa = PBXAggregateTarget;
			buildConfigurationList = 1D33DFE5127C2C50005F0B20 /* Build configuration list for PBXAggregateTarget "make" */;
			buildPhases = (
				1D33DFE1127C2C32005F0B20 /* ShellScript */,
			);
			dependencies = (
			);
			name = make;
			productName = qemu;
		};
/* End PBXAggregateTarget section */

/* Begin PBXFileReference section */
		1D91BF66127B51BC002F0AB4 /* boot.S */ = {isa = PBXFileReference; fileEncoding = 4; lastKnownFileType = sourcecode.asm; path = boot.S; sourceTree = "<group>"; };
		1D91BF67127B51BC002F0AB4 /* main.c */ = {isa = PBXFileReference; fileEncoding = 4; lastKnownFileType = sourcecode.c.c; path = main.c; sourceTree = "<group>"; };
		1D91BF68127B51BC002F0AB4 /* Makefrag */ = {isa = PBXFileReference; fileEncoding = 4; lastKnownFileType = text; path = Makefrag; sourceTree = "<group>"; };
		1D91BF69127B51BC002F0AB4 /* sign.pl */ = {isa = PBXFileReference; fileEncoding = 4; lastKnownFileType = text.script.perl; path = sign.pl; sourceTree = "<group>"; };
		1D91BF6A127B51BC002F0AB4 /* CODING */ = {isa = PBXFileReference; fileEncoding = 4; lastKnownFileType = text; name = CODING; path = ../CODING; sourceTree = SOURCE_ROOT; };
		1D91BF6C127B51BC002F0AB4 /* env.mk */ = {isa = PBXFileReference; fileEncoding = 4; lastKnownFileType = text; path = env.mk; sourceTree = "<group>"; };
		1D91BF6D127B51BC002F0AB4 /* lab.mk */ = {isa = PBXFileReference; fileEncoding = 4; lastKnownFileType = text; path = lab.mk; sourceTree = "<group>"; };
		1D91BF6E127B51BC002F0AB4 /* GNUmakefile */ = {isa = PBXFileReference; fileEncoding = 4; lastKnownFileType = text; name = GNUmakefile; path = ../GNUmakefile; sourceTree = SOURCE_ROOT; };
		1D91BF6F127B51BC002F0AB4 /* grade-functions.sh */ = {isa = PBXFileReference; fileEncoding = 4; lastKnownFileType = text.script.sh; name = "grade-functions.sh"; path = "../grade-functions.sh"; sourceTree = SOURCE_ROOT; };
		1D91BF70127B51BC002F0AB4 /* grade-lab1.sh */ = {isa = PBXFileReference; fileEncoding = 4; lastKnownFileType = text.script.sh; name = "grade-lab1.sh"; path = "../grade-lab1.sh"; sourceTree = SOURCE_ROOT; };
		1D91BF71127B51BC002F0AB4 /* grade-lab2.sh */ = {isa = PBXFileReference; fileEncoding = 4; lastKnownFileType = text.script.sh; name = "grade-lab2.sh"; path = "../grade-lab2.sh"; sourceTree = SOURCE_ROOT; };
		1D91BF72127B51BC002F0AB4 /* grade-lab3.sh */ = {isa = PBXFileReference; fileEncoding = 4; lastKnownFileType = text.script.sh; name = "grade-lab3.sh"; path = "../grade-lab3.sh"; sourceTree = SOURCE_ROOT; };
		1D91BF74127B51BC002F0AB4 /* assert.h */ = {isa = PBXFileReference; fileEncoding = 4; lastKnownFileType = sourcecode.objj.h; path = assert.h; sourceTree = "<group>"; };
		1D91BF75127B51BC002F0AB4 /* COPYRIGHT */ = {isa = PBXFileReference; fileEncoding = 4; lastKnownFileType = text; path = COPYRIGHT; sourceTree = "<group>"; };
		1D91BF76127B51BC002F0AB4 /* elf.h */ = {isa = PBXFileReference; fileEncoding = 4; lastKnownFileType = sourcecode.objj.h; path = elf.h; sourceTree = "<group>"; };
		1D91BF77127B51BC002F0AB4 /* env.h */ = {isa = PBXFileReference; fileEncoding = 4; lastKnownFileType = sourcecode.objj.h; path = env.h; sourceTree = "<group>"; };
		1D91BF78127B51BC002F0AB4 /* error.h */ = {isa = PBXFileReference; fileEncoding = 4; lastKnownFileType = sourcecode.objj.h; path = error.h; sourceTree = "<group>"; };
		1D91BF79127B51BC002F0AB4 /* kbdreg.h */ = {isa = PBXFileReference; fileEncoding = 4; lastKnownFileType = sourcecode.objj.h; path = kbdreg.h; sourceTree = "<group>"; };
		1D91BF7A127B51BC002F0AB4 /* lib.h */ = {isa = PBXFileReference; fileEncoding = 4; lastKnownFileType = sourcecode.objj.h; path = lib.h; sourceTree = "<group>"; };
		1D91BF7B127B51BC002F0AB4 /* malloc.h */ = {isa = PBXFileReference; fileEncoding = 4; lastKnownFileType = sourcecode.objj.h; path = malloc.h; sourceTree = "<group>"; };
		1D91BF7C127B51BC002F0AB4 /* memlayout.h */ = {isa = PBXFileReference; fileEncoding = 4; lastKnownFileType = sourcecode.objj.h; path = memlayout.h; sourceTree = "<group>"; };
		1D91BF7D127B51BC002F0AB4 /* mmu.h */ = {isa = PBXFileReference; fileEncoding = 4; lastKnownFileType = sourcecode.objj.h; path = mmu.h; sourceTree = "<group>"; };
		1D91BF7E127B51BC002F0AB4 /* queue.h */ = {isa = PBXFileReference; fileEncoding = 4; lastKnownFileType = sourcecode.objj.h; path = queue.h; sourceTree = "<group>"; };
		1D91BF7F127B51BC002F0AB4 /* stab.h */ = {isa = PBXFileReference; fileEncoding = 4; lastKnownFileType = sourcecode.objj.h; path = stab.h; sourceTree = "<group>"; };
		1D91BF80127B51BC002F0AB4 /* stdarg.h */ = {isa = PBXFileReference; fileEncoding = 4; lastKnownFileType = sourcecode.objj.h; path = stdarg.h; sourceTree = "<group>"; };
		1D91BF81127B51BC002F0AB4 /* stdio.h */ = {isa = PBXFileReference; fileEncoding = 4; lastKnownFileType = sourcecode.objj.h; path = stdio.h; sourceTree = "<group>"; };
		1D91BF82127B51BC002F0AB4 /* string.h */ = {isa = PBXFileReference; fileEncoding = 4; lastKnownFileType = sourcecode.objj.h; path = string.h; sourceTree = "<group>"; };
		1D91BF83127B51BC002F0AB4 /* syscall.h */ = {isa = PBXFileReference; fileEncoding = 4; lastKnownFileType = sourcecode.objj.h; path = syscall.h; sourceTree = "<group>"; };
		1D91BF84127B51BC002F0AB4 /* trap.h */ = {isa = PBXFileReference; fileEncoding = 4; lastKnownFileType = sourcecode.objj.h; path = trap.h; sourceTree = "<group>"; };
		1D91BF85127B51BC002F0AB4 /* types.h */ = {isa = PBXFileReference; fileEncoding = 4; lastKnownFileType = sourcecode.objj.h; path = types.h; sourceTree = "<group>"; };
		1D91BF86127B51BC002F0AB4 /* x86.h */ = {isa = PBXFileReference; fileEncoding = 4; lastKnownFileType = sourcecode.objj.h; path = x86.h; sourceTree = "<group>"; };
		1D91BF88127B51BC002F0AB4 /* console.c */ = {isa = PBXFileReference; fileEncoding = 4; lastKnownFileType = sourcecode.c.c; path = console.c; sourceTree = "<group>"; };
		1D91BF89127B51BC002F0AB4 /* console.h */ = {isa = PBXFileReference; fileEncoding = 4; lastKnownFileType = sourcecode.objj.h; path = console.h; sourceTree = "<group>"; };
		1D91BF8A127B51BC002F0AB4 /* COPYRIGHT */ = {isa = PBXFileReference; fileEncoding = 4; lastKnownFileType = text; path = COPYRIGHT; sourceTree = "<group>"; };
		1D91BF8B127B51BC002F0AB4 /* entry.S */ = {isa = PBXFileReference; fileEncoding = 4; lastKnownFileType = sourcecode.asm; path = entry.S; sourceTree = "<group>"; };
		1D91BF8C127B51BC002F0AB4 /* env.c */ = {isa = PBXFileReference; fileEncoding = 4; lastKnownFileType = sourcecode.c.c; path = env.c; sourceTree = "<group>"; };
		1D91BF8D127B51BC002F0AB4 /* env.h */ = {isa = PBXFileReference; fileEncoding = 4; lastKnownFileType = sourcecode.objj.h; path = env.h; sourceTree = "<group>"; };
		1D91BF8E127B51BC002F0AB4 /* init.c */ = {isa = PBXFileReference; fileEncoding = 4; lastKnownFileType = sourcecode.c.c; path = init.c; sourceTree = "<group>"; };
		1D91BF8F127B51BC002F0AB4 /* kclock.c */ = {isa = PBXFileReference; fileEncoding = 4; lastKnownFileType = sourcecode.c.c; path = kclock.c; sourceTree = "<group>"; };
		1D91BF90127B51BC002F0AB4 /* kclock.h */ = {isa = PBXFileReference; fileEncoding = 4; lastKnownFileType = sourcecode.objj.h; path = kclock.h; sourceTree = "<group>"; };
		1D91BF91127B51BC002F0AB4 /* kdebug.c */ = {isa = PBXFileReference; fileEncoding = 4; lastKnownFileType = sourcecode.c.c; path = kdebug.c; sourceTree = "<group>"; };
		1D91BF92127B51BC002F0AB4 /* kdebug.h */ = {isa = PBXFileReference; fileEncoding = 4; lastKnownFileType = sourcecode.objj.h; path = kdebug.h; sourceTree = "<group>"; };
		1D91BF93127B51BC002F0AB4 /* kernel.ld */ = {isa = PBXFileReference; fileEncoding = 4; lastKnownFileType = text; path = kernel.ld; sourceTree = "<group>"; };
		1D91BF94127B51BC002F0AB4 /* Makefrag */ = {isa = PBXFileReference; fileEncoding = 4; lastKnownFileType = text; path = Makefrag; sourceTree = "<group>"; };
		1D91BF95127B51BC002F0AB4 /* monitor.c */ = {isa = PBXFileReference; fileEncoding = 4; lastKnownFileType = sourcecode.c.c; path = monitor.c; sourceTree = "<group>"; };
		1D91BF96127B51BC002F0AB4 /* monitor.h */ = {isa = PBXFileReference; fileEncoding = 4; lastKnownFileType = sourcecode.objj.h; path = monitor.h; sourceTree = "<group>"; };
		1D91BF97127B51BC002F0AB4 /* pmap.c */ = {isa = PBXFileReference; fileEncoding = 4; lastKnownFileType = sourcecode.c.c; path = pmap.c; sourceTree = "<group>"; };
		1D91BF98127B51BC002F0AB4 /* pmap.h */ = {isa = PBXFileReference; fileEncoding = 4; lastKnownFileType = sourcecode.objj.h; path = pmap.h; sourceTree = "<group>"; };
		1D91BF99127B51BC002F0AB4 /* printf.c */ = {isa = PBXFileReference; fileEncoding = 4; lastKnownFileType = sourcecode.c.c; path = printf.c; sourceTree = "<group>"; };
		1D91BF9A127B51BC002F0AB4 /* syscall.c */ = {isa = PBXFileReference; fileEncoding = 4; lastKnownFileType = sourcecode.c.c; path = syscall.c; sourceTree = "<group>"; };
		1D91BF9B127B51BC002F0AB4 /* syscall.h */ = {isa = PBXFileReference; fileEncoding = 4; lastKnownFileType = sourcecode.objj.h; path = syscall.h; sourceTree = "<group>"; };
		1D91BF9C127B51BC002F0AB4 /* trap.c */ = {isa = PBXFileReference; fileEncoding = 4; lastKnownFileType = sourcecode.c.c; path = trap.c; sourceTree = "<group>"; };
		1D91BF9D127B51BC002F0AB4 /* trap.h */ = {isa = PBXFileReference; fileEncoding = 4; lastKnownFileType = sourcecode.objj.h; path = trap.h; sourceTree = "<group>"; };
		1D91BF9E127B51BC002F0AB4 /* trapentry.S */ = {isa = PBXFileReference; fileEncoding = 4; lastKnownFileType = sourcecode.asm; path = trapentry.S; sourceTree = "<group>"; };
		1D91BFA0127B51BC002F0AB4 /* console.c */ = {isa = PBXFileReference; fileEncoding = 4; lastKnownFileType = sourcecode.c.c; path = console.c; sourceTree = "<group>"; };
		1D91BFA1127B51BC002F0AB4 /* entry.S */ = {isa = PBXFileReference; fileEncoding = 4; lastKnownFileType = sourcecode.asm; path = entry.S; sourceTree = "<group>"; };
		1D91BFA2127B51BC002F0AB4 /* exit.c */ = {isa = PBXFileReference; fileEncoding = 4; lastKnownFileType = sourcecode.c.c; path = exit.c; sourceTree = "<group>"; };
		1D91BFA3127B51BC002F0AB4 /* libmain.c */ = {isa = PBXFileReference; fileEncoding = 4; lastKnownFileType = sourcecode.c.c; path = libmain.c; sourceTree = "<group>"; };
		1D91BFA4127B51BC002F0AB4 /* Makefrag */ = {isa = PBXFileReference; fileEncoding = 4; lastKnownFileType = text; path = Makefrag; sourceTree = "<group>"; };
		1D91BFA5127B51BC002F0AB4 /* nsipc.c */ = {isa = PBXFileReference; fileEncoding = 4; lastKnownFileType = sourcecode.c.c; path = nsipc.c; sourceTree = "<group>"; };
		1D91BFA6127B51BC002F0AB4 /* panic.c */ = {isa = PBXFileReference; fileEncoding = 4; lastKnownFileType = sourcecode.c.c; path = panic.c; sourceTree = "<group>"; };
		1D91BFA7127B51BC002F0AB4 /* printf.c */ = {isa = PBXFileReference; fileEncoding = 4; lastKnownFileType = sourcecode.c.c; path = printf.c; sourceTree = "<group>"; };
		1D91BFA8127B51BC002F0AB4 /* printfmt.c */ = {isa = PBXFileReference; fileEncoding = 4; lastKnownFileType = sourcecode.c.c; path = printfmt.c; sourceTree = "<group>"; };
		1D91BFA9127B51BC002F0AB4 /* readline.c */ = {isa = PBXFileReference; fileEncoding = 4; lastKnownFileType = sourcecode.c.c; path = readline.c; sourceTree = "<group>"; };
		1D91BFAA127B51BC002F0AB4 /* sockets.c */ = {isa = PBXFileReference; fileEncoding = 4; lastKnownFileType = sourcecode.c.c; path = sockets.c; sourceTree = "<group>"; };
		1D91BFAB127B51BC002F0AB4 /* string.c */ = {isa = PBXFileReference; fileEncoding = 4; lastKnownFileType = sourcecode.c.c; path = string.c; sourceTree = "<group>"; };
		1D91BFAC127B51BC002F0AB4 /* syscall.c */ = {isa = PBXFileReference; fileEncoding = 4; lastKnownFileType = sourcecode.c.c; path = syscall.c; sourceTree = "<group>"; };
		1D91BFAD127B51BC002F0AB4 /* mergedep.pl */ = {isa = PBXFileReference; fileEncoding = 4; lastKnownFileType = text.script.perl; name = mergedep.pl; path = ../mergedep.pl; sourceTree = SOURCE_ROOT; };
		1D91BFAF127B51BC002F0AB4 /* .deps */ = {isa = PBXFileReference; fileEncoding = 4; lastKnownFileType = text; path = .deps; sourceTree = "<group>"; };
		1D91BFB1127B51BC002F0AB4 /* boot */ = {isa = PBXFileReference; lastKnownFileType = file; path = boot; sourceTree = "<group>"; };
		1D91BFB2127B51BC002F0AB4 /* boot.asm */ = {isa = PBXFileReference; fileEncoding = 4; lastKnownFileType = sourcecode.asm.asm; path = boot.asm; sourceTree = "<group>"; };
		1D91BFB3127B51BC002F0AB4 /* boot.o */ = {isa = PBXFileReference; lastKnownFileType = "compiled.mach-o.objfile"; path = boot.o; sourceTree = "<group>"; };
		1D91BFB4127B51BC002F0AB4 /* boot.out */ = {isa = PBXFileReference; lastKnownFileType = file; path = boot.out; sourceTree = "<group>"; };
		1D91BFB5127B51BC002F0AB4 /* main.o */ = {isa = PBXFileReference; lastKnownFileType = "compiled.mach-o.objfile"; path = main.o; sourceTree = "<group>"; };
		1D91BFB7127B51BC002F0AB4 /* console.o */ = {isa = PBXFileReference; lastKnownFileType = "compiled.mach-o.objfile"; path = console.o; sourceTree = "<group>"; };
		1D91BFB8127B51BC002F0AB4 /* entry.o */ = {isa = PBXFileReference; lastKnownFileType = "compiled.mach-o.objfile"; path = entry.o; sourceTree = "<group>"; };
		1D91BFB9127B51BC002F0AB4 /* env.o */ = {isa = PBXFileReference; lastKnownFileType = "compiled.mach-o.objfile"; path = env.o; sourceTree = "<group>"; };
		1D91BFBA127B51BC002F0AB4 /* init.o */ = {isa = PBXFileReference; lastKnownFileType = "compiled.mach-o.objfile"; path = init.o; sourceTree = "<group>"; };
		1D91BFBB127B51BC002F0AB4 /* kclock.o */ = {isa = PBXFileReference; lastKnownFileType = "compiled.mach-o.objfile"; path = kclock.o; sourceTree = "<group>"; };
		1D91BFBC127B51BC002F0AB4 /* kdebug.o */ = {isa = PBXFileReference; lastKnownFileType = "compiled.mach-o.objfile"; path = kdebug.o; sourceTree = "<group>"; };
		1D91BFBD127B51BC002F0AB4 /* kernel */ = {isa = PBXFileReference; lastKnownFileType = file; path = kernel; sourceTree = "<group>"; };
		1D91BFBE127B51BC002F0AB4 /* kernel.asm */ = {isa = PBXFileReference; fileEncoding = 4; lastKnownFileType = sourcecode.asm.asm; path = kernel.asm; sourceTree = "<group>"; };
		1D91BFBF127B51BC002F0AB4 /* kernel.img */ = {isa = PBXFileReference; lastKnownFileType = file; path = kernel.img; sourceTree = "<group>"; };
		1D91BFC0127B51BC002F0AB4 /* kernel.sym */ = {isa = PBXFileReference; fileEncoding = 4; lastKnownFileType = text; path = kernel.sym; sourceTree = "<group>"; };
		1D91BFC1127B51BC002F0AB4 /* monitor.o */ = {isa = PBXFileReference; lastKnownFileType = "compiled.mach-o.objfile"; path = monitor.o; sourceTree = "<group>"; };
		1D91BFC2127B51BC002F0AB4 /* pmap.o */ = {isa = PBXFileReference; lastKnownFileType = "compiled.mach-o.objfile"; path = pmap.o; sourceTree = "<group>"; };
		1D91BFC3127B51BC002F0AB4 /* printf.o */ = {isa = PBXFileReference; lastKnownFileType = "compiled.mach-o.objfile"; path = printf.o; sourceTree = "<group>"; };
		1D91BFC4127B51BC002F0AB4 /* printfmt.o */ = {isa = PBXFileReference; lastKnownFileType = "compiled.mach-o.objfile"; path = printfmt.o; sourceTree = "<group>"; };
		1D91BFC5127B51BC002F0AB4 /* readline.o */ = {isa = PBXFileReference; lastKnownFileType = "compiled.mach-o.objfile"; path = readline.o; sourceTree = "<group>"; };
		1D91BFC6127B51BC002F0AB4 /* string.o */ = {isa = PBXFileReference; lastKnownFileType = "compiled.mach-o.objfile"; path = string.o; sourceTree = "<group>"; };
		1D91BFC7127B51BC002F0AB4 /* syscall.d */ = {isa = PBXFileReference; fileEncoding = 4; lastKnownFileType = sourcecode.dtrace; path = syscall.d; sourceTree = "<group>"; };
		1D91BFC8127B51BC002F0AB4 /* syscall.o */ = {isa = PBXFileReference; lastKnownFileType = "compiled.mach-o.objfile"; path = syscall.o; sourceTree = "<group>"; };
		1D91BFC9127B51BC002F0AB4 /* trap.d */ = {isa = PBXFileReference; fileEncoding = 4; lastKnownFileType = sourcecode.dtrace; path = trap.d; sourceTree = "<group>"; };
		1D91BFCA127B51BC002F0AB4 /* trap.o */ = {isa = PBXFileReference; lastKnownFileType = "compiled.mach-o.objfile"; path = trap.o; sourceTree = "<group>"; };
		1D91BFCB127B51BC002F0AB4 /* trapentry.o */ = {isa = PBXFileReference; lastKnownFileType = "compiled.mach-o.objfile"; path = trapentry.o; sourceTree = "<group>"; };
		1D91BFCD127B51BC002F0AB4 /* console.o */ = {isa = PBXFileReference; lastKnownFileType = "compiled.mach-o.objfile"; path = console.o; sourceTree = "<group>"; };
		1D91BFCE127B51BC002F0AB4 /* entry.o */ = {isa = PBXFileReference; lastKnownFileType = "compiled.mach-o.objfile"; path = entry.o; sourceTree = "<group>"; };
		1D91BFCF127B51BC002F0AB4 /* exit.o */ = {isa = PBXFileReference; lastKnownFileType = "compiled.mach-o.objfile"; path = exit.o; sourceTree = "<group>"; };
		1D91BFD0127B51BC002F0AB4 /* libjos.a */ = {isa = PBXFileReference; lastKnownFileType = archive.ar; path = libjos.a; sourceTree = "<group>"; };
		1D91BFD1127B51BC002F0AB4 /* libmain.o */ = {isa = PBXFileReference; lastKnownFileType = "compiled.mach-o.objfile"; path = libmain.o; sourceTree = "<group>"; };
		1D91BFD2127B51BC002F0AB4 /* panic.o */ = {isa = PBXFileReference; lastKnownFileType = "compiled.mach-o.objfile"; path = panic.o; sourceTree = "<group>"; };
		1D91BFD3127B51BC002F0AB4 /* printf.o */ = {isa = PBXFileReference; lastKnownFileType = "compiled.mach-o.objfile"; path = printf.o; sourceTree = "<group>"; };
		1D91BFD4127B51BC002F0AB4 /* printfmt.o */ = {isa = PBXFileReference; lastKnownFileType = "compiled.mach-o.objfile"; path = printfmt.o; sourceTree = "<group>"; };
		1D91BFD5127B51BC002F0AB4 /* readline.o */ = {isa = PBXFileReference; lastKnownFileType = "compiled.mach-o.objfile"; path = readline.o; sourceTree = "<group>"; };
		1D91BFD6127B51BC002F0AB4 /* string.o */ = {isa = PBXFileReference; lastKnownFileType = "compiled.mach-o.objfile"; path = string.o; sourceTree = "<group>"; };
		1D91BFD7127B51BC002F0AB4 /* syscall.o */ = {isa = PBXFileReference; lastKnownFileType = "compiled.mach-o.objfile"; path = syscall.o; sourceTree = "<group>"; };
		1D91BFD9127B51BC002F0AB4 /* badsegment */ = {isa = PBXFileReference; lastKnownFileType = file; path = badsegment; sourceTree = "<group>"; };
		1D91BFDA127B51BC002F0AB4 /* badsegment.asm */ = {isa = PBXFileReference; fileEncoding = 4; lastKnownFileType = sourcecode.asm.asm; path = badsegment.asm; sourceTree = "<group>"; };
		1D91BFDB127B51BC002F0AB4 /* badsegment.o */ = {isa = PBXFileReference; lastKnownFileType = "compiled.mach-o.objfile"; path = badsegment.o; sourceTree = "<group>"; };
		1D91BFDC127B51BC002F0AB4 /* badsegment.sym */ = {isa = PBXFileReference; fileEncoding = 4; lastKnownFileType = text; path = badsegment.sym; sourceTree = "<group>"; };
		1D91BFDD127B51BC002F0AB4 /* breakpoint */ = {isa = PBXFileReference; lastKnownFileType = file; path = breakpoint; sourceTree = "<group>"; };
		1D91BFDE127B51BC002F0AB4 /* breakpoint.asm */ = {isa = PBXFileReference; fileEncoding = 4; lastKnownFileType = sourcecode.asm.asm; path = breakpoint.asm; sourceTree = "<group>"; };
		1D91BFDF127B51BC002F0AB4 /* breakpoint.o */ = {isa = PBXFileReference; lastKnownFileType = "compiled.mach-o.objfile"; path = breakpoint.o; sourceTree = "<group>"; };
		1D91BFE0127B51BC002F0AB4 /* breakpoint.sym */ = {isa = PBXFileReference; fileEncoding = 4; lastKnownFileType = text; path = breakpoint.sym; sourceTree = "<group>"; };
		1D91BFE1127B51BC002F0AB4 /* buggyhello */ = {isa = PBXFileReference; lastKnownFileType = file; path = buggyhello; sourceTree = "<group>"; };
		1D91BFE2127B51BC002F0AB4 /* buggyhello.asm */ = {isa = PBXFileReference; fileEncoding = 4; lastKnownFileType = sourcecode.asm.asm; path = buggyhello.asm; sourceTree = "<group>"; };
		1D91BFE3127B51BC002F0AB4 /* buggyhello.o */ = {isa = PBXFileReference; lastKnownFileType = "compiled.mach-o.objfile"; path = buggyhello.o; sourceTree = "<group>"; };
		1D91BFE4127B51BC002F0AB4 /* buggyhello.sym */ = {isa = PBXFileReference; fileEncoding = 4; lastKnownFileType = text; path = buggyhello.sym; sourceTree = "<group>"; };
		1D91BFE5127B51BC002F0AB4 /* buggyhello2 */ = {isa = PBXFileReference; lastKnownFileType = file; path = buggyhello2; sourceTree = "<group>"; };
		1D91BFE6127B51BC002F0AB4 /* buggyhello2.asm */ = {isa = PBXFileReference; fileEncoding = 4; lastKnownFileType = sourcecode.asm.asm; path = buggyhello2.asm; sourceTree = "<group>"; };
		1D91BFE7127B51BC002F0AB4 /* buggyhello2.o */ = {isa = PBXFileReference; lastKnownFileType = "compiled.mach-o.objfile"; path = buggyhello2.o; sourceTree = "<group>"; };
		1D91BFE8127B51BC002F0AB4 /* buggyhello2.sym */ = {isa = PBXFileReference; fileEncoding = 4; lastKnownFileType = text; path = buggyhello2.sym; sourceTree = "<group>"; };
		1D91BFE9127B51BC002F0AB4 /* divzero */ = {isa = PBXFileReference; lastKnownFileType = file; path = divzero; sourceTree = "<group>"; };
		1D91BFEA127B51BC002F0AB4 /* divzero.asm */ = {isa = PBXFileReference; fileEncoding = 4; lastKnownFileType = sourcecode.asm.asm; path = divzero.asm; sourceTree = "<group>"; };
		1D91BFEB127B51BC002F0AB4 /* divzero.o */ = {isa = PBXFileReference; lastKnownFileType = "compiled.mach-o.objfile"; path = divzero.o; sourceTree = "<group>"; };
		1D91BFEC127B51BC002F0AB4 /* divzero.sym */ = {isa = PBXFileReference; fileEncoding = 4; lastKnownFileType = text; path = divzero.sym; sourceTree = "<group>"; };
		1D91BFED127B51BC002F0AB4 /* evilhello */ = {isa = PBXFileReference; lastKnownFileType = file; path = evilhello; sourceTree = "<group>"; };
		1D91BFEE127B51BC002F0AB4 /* evilhello.asm */ = {isa = PBXFileReference; fileEncoding = 4; lastKnownFileType = sourcecode.asm.asm; path = evilhello.asm; sourceTree = "<group>"; };
		1D91BFEF127B51BC002F0AB4 /* evilhello.o */ = {isa = PBXFileReference; lastKnownFileType = "compiled.mach-o.objfile"; path = evilhello.o; sourceTree = "<group>"; };
		1D91BFF0127B51BC002F0AB4 /* evilhello.sym */ = {isa = PBXFileReference; fileEncoding = 4; lastKnownFileType = text; path = evilhello.sym; sourceTree = "<group>"; };
		1D91BFF1127B51BC002F0AB4 /* faultread */ = {isa = PBXFileReference; lastKnownFileType = file; path = faultread; sourceTree = "<group>"; };
		1D91BFF2127B51BC002F0AB4 /* faultread.asm */ = {isa = PBXFileReference; fileEncoding = 4; lastKnownFileType = sourcecode.asm.asm; path = faultread.asm; sourceTree = "<group>"; };
		1D91BFF3127B51BC002F0AB4 /* faultread.o */ = {isa = PBXFileReference; lastKnownFileType = "compiled.mach-o.objfile"; path = faultread.o; sourceTree = "<group>"; };
		1D91BFF4127B51BC002F0AB4 /* faultread.sym */ = {isa = PBXFileReference; fileEncoding = 4; lastKnownFileType = text; path = faultread.sym; sourceTree = "<group>"; };
		1D91BFF5127B51BC002F0AB4 /* faultreadkernel */ = {isa = PBXFileReference; lastKnownFileType = file; path = faultreadkernel; sourceTree = "<group>"; };
		1D91BFF6127B51BC002F0AB4 /* faultreadkernel.asm */ = {isa = PBXFileReference; fileEncoding = 4; lastKnownFileType = sourcecode.asm.asm; path = faultreadkernel.asm; sourceTree = "<group>"; };
		1D91BFF7127B51BC002F0AB4 /* faultreadkernel.o */ = {isa = PBXFileReference; lastKnownFileType = "compiled.mach-o.objfile"; path = faultreadkernel.o; sourceTree = "<group>"; };
		1D91BFF8127B51BC002F0AB4 /* faultreadkernel.sym */ = {isa = PBXFileReference; fileEncoding = 4; lastKnownFileType = text; path = faultreadkernel.sym; sourceTree = "<group>"; };
		1D91BFF9127B51BC002F0AB4 /* faultwrite */ = {isa = PBXFileReference; lastKnownFileType = file; path = faultwrite; sourceTree = "<group>"; };
		1D91BFFA127B51BC002F0AB4 /* faultwrite.asm */ = {isa = PBXFileReference; fileEncoding = 4; lastKnownFileType = sourcecode.asm.asm; path = faultwrite.asm; sourceTree = "<group>"; };
		1D91BFFB127B51BC002F0AB4 /* faultwrite.o */ = {isa = PBXFileReference; lastKnownFileType = "compiled.mach-o.objfile"; path = faultwrite.o; sourceTree = "<group>"; };
		1D91BFFC127B51BC002F0AB4 /* faultwrite.sym */ = {isa = PBXFileReference; fileEncoding = 4; lastKnownFileType = text; path = faultwrite.sym; sourceTree = "<group>"; };
		1D91BFFD127B51BC002F0AB4 /* faultwritekernel */ = {isa = PBXFileReference; lastKnownFileType = file; path = faultwritekernel; sourceTree = "<group>"; };
		1D91BFFE127B51BC002F0AB4 /* faultwritekernel.asm */ = {isa = PBXFileReference; fileEncoding = 4; lastKnownFileType = sourcecode.asm.asm; path = faultwritekernel.asm; sourceTree = "<group>"; };
		1D91BFFF127B51BC002F0AB4 /* faultwritekernel.o */ = {isa = PBXFileReference; lastKnownFileType = "compiled.mach-o.objfile"; path = faultwritekernel.o; sourceTree = "<group>"; };
		1D91C000127B51BC002F0AB4 /* faultwritekernel.sym */ = {isa = PBXFileReference; fileEncoding = 4; lastKnownFileType = text; path = faultwritekernel.sym; sourceTree = "<group>"; };
		1D91C001127B51BC002F0AB4 /* hello */ = {isa = PBXFileReference; lastKnownFileType = file; path = hello; sourceTree = "<group>"; };
		1D91C002127B51BC002F0AB4 /* hello.asm */ = {isa = PBXFileReference; fileEncoding = 4; lastKnownFileType = sourcecode.asm.asm; path = hello.asm; sourceTree = "<group>"; };
		1D91C003127B51BC002F0AB4 /* hello.o */ = {isa = PBXFileReference; lastKnownFileType = "compiled.mach-o.objfile"; path = hello.o; sourceTree = "<group>"; };
		1D91C004127B51BC002F0AB4 /* hello.sym */ = {isa = PBXFileReference; fileEncoding = 4; lastKnownFileType = text; path = hello.sym; sourceTree = "<group>"; };
		1D91C005127B51BC002F0AB4 /* softint */ = {isa = PBXFileReference; lastKnownFileType = file; path = softint; sourceTree = "<group>"; };
		1D91C006127B51BC002F0AB4 /* softint.asm */ = {isa = PBXFileReference; fileEncoding = 4; lastKnownFileType = sourcecode.asm.asm; path = softint.asm; sourceTree = "<group>"; };
		1D91C007127B51BC002F0AB4 /* softint.o */ = {isa = PBXFileReference; lastKnownFileType = "compiled.mach-o.objfile"; path = softint.o; sourceTree = "<group>"; };
		1D91C008127B51BC002F0AB4 /* softint.sym */ = {isa = PBXFileReference; fileEncoding = 4; lastKnownFileType = text; path = softint.sym; sourceTree = "<group>"; };
		1D91C009127B51BC002F0AB4 /* testbss */ = {isa = PBXFileReference; lastKnownFileType = file; path = testbss; sourceTree = "<group>"; };
		1D91C00A127B51BC002F0AB4 /* testbss.asm */ = {isa = PBXFileReference; fileEncoding = 4; lastKnownFileType = sourcecode.asm.asm; path = testbss.asm; sourceTree = "<group>"; };
		1D91C00B127B51BC002F0AB4 /* testbss.o */ = {isa = PBXFileReference; lastKnownFileType = "compiled.mach-o.objfile"; path = testbss.o; sourceTree = "<group>"; };
		1D91C00C127B51BC002F0AB4 /* testbss.sym */ = {isa = PBXFileReference; fileEncoding = 4; lastKnownFileType = text; path = testbss.sym; sourceTree = "<group>"; };
		1D91C00E127B51BC002F0AB4 /* badsegment.c */ = {isa = PBXFileReference; fileEncoding = 4; lastKnownFileType = sourcecode.c.c; path = badsegment.c; sourceTree = "<group>"; };
		1D91C00F127B51BC002F0AB4 /* breakpoint.c */ = {isa = PBXFileReference; fileEncoding = 4; lastKnownFileType = sourcecode.c.c; path = breakpoint.c; sourceTree = "<group>"; };
		1D91C010127B51BC002F0AB4 /* buggyhello.c */ = {isa = PBXFileReference; fileEncoding = 4; lastKnownFileType = sourcecode.c.c; path = buggyhello.c; sourceTree = "<group>"; };
		1D91C011127B51BC002F0AB4 /* buggyhello2.c */ = {isa = PBXFileReference; fileEncoding = 4; lastKnownFileType = sourcecode.c.c; path = buggyhello2.c; sourceTree = "<group>"; };
		1D91C012127B51BC002F0AB4 /* divzero.c */ = {isa = PBXFileReference; fileEncoding = 4; lastKnownFileType = sourcecode.c.c; path = divzero.c; sourceTree = "<group>"; };
		1D91C013127B51BC002F0AB4 /* evilhello.c */ = {isa = PBXFileReference; fileEncoding = 4; lastKnownFileType = sourcecode.c.c; path = evilhello.c; sourceTree = "<group>"; };
		1D91C014127B51BC002F0AB4 /* faultread.c */ = {isa = PBXFileReference; fileEncoding = 4; lastKnownFileType = sourcecode.c.c; path = faultread.c; sourceTree = "<group>"; };
		1D91C015127B51BC002F0AB4 /* faultreadkernel.c */ = {isa = PBXFileReference; fileEncoding = 4; lastKnownFileType = sourcecode.c.c; path = faultreadkernel.c; sourceTree = "<group>"; };
		1D91C016127B51BC002F0AB4 /* faultwrite.c */ = {isa = PBXFileReference; fileEncoding = 4; lastKnownFileType = sourcecode.c.c; path = faultwrite.c; sourceTree = "<group>"; };
		1D91C017127B51BC002F0AB4 /* faultwritekernel.c */ = {isa = PBXFileReference; fileEncoding = 4; lastKnownFileType = sourcecode.c.c; path = faultwritekernel.c; sourceTree = "<group>"; };
		1D91C018127B51BC002F0AB4 /* hello.c */ = {isa = PBXFileReference; fileEncoding = 4; lastKnownFileType = sourcecode.c.c; path = hello.c; sourceTree = "<group>"; };
		1D91C019127B51BC002F0AB4 /* Makefrag */ = {isa = PBXFileReference; fileEncoding = 4; lastKnownFileType = text; path = Makefrag; sourceTree = "<group>"; };
		1D91C01A127B51BC002F0AB4 /* softint.c */ = {isa = PBXFileReference; fileEncoding = 4; lastKnownFileType = sourcecode.c.c; path = softint.c; sourceTree = "<group>"; };
		1D91C01B127B51BC002F0AB4 /* testbss.c */ = {isa = PBXFileReference; fileEncoding = 4; lastKnownFileType = sourcecode.c.c; path = testbss.c; sourceTree = "<group>"; };
		1D91C01C127B51BC002F0AB4 /* user.ld */ = {isa = PBXFileReference; fileEncoding = 4; lastKnownFileType = text; path = user.ld; sourceTree = "<group>"; };
/* End PBXFileReference section */

/* Begin PBXGroup section */
		08FB7794FE84155DC02AAC07 /* jos */ = {
			isa = PBXGroup;
			children = (
				1D91BF65127B51BC002F0AB4 /* boot */,
				1D91BF6A127B51BC002F0AB4 /* CODING */,
				1D91BF6B127B51BC002F0AB4 /* conf */,
				1D91BF6E127B51BC002F0AB4 /* GNUmakefile */,
				1D91BF6F127B51BC002F0AB4 /* grade-functions.sh */,
				1D91BF70127B51BC002F0AB4 /* grade-lab1.sh */,
				1D91BF71127B51BC002F0AB4 /* grade-lab2.sh */,
				1D91BF72127B51BC002F0AB4 /* grade-lab3.sh */,
				1D91BF73127B51BC002F0AB4 /* inc */,
				1D91BF87127B51BC002F0AB4 /* kern */,
				1D91BF9F127B51BC002F0AB4 /* lib */,
				1D91BFAD127B51BC002F0AB4 /* mergedep.pl */,
				1D91BFAE127B51BC002F0AB4 /* obj */,
				1D91C00D127B51BC002F0AB4 /* user */,
			);
			name = jos;
			sourceTree = "<group>";
		};
		1D91BF65127B51BC002F0AB4 /* boot */ = {
			isa = PBXGroup;
			children = (
				1D91BF66127B51BC002F0AB4 /* boot.S */,
				1D91BF67127B51BC002F0AB4 /* main.c */,
				1D91BF68127B51BC002F0AB4 /* Makefrag */,
				1D91BF69127B51BC002F0AB4 /* sign.pl */,
			);
			name = boot;
			path = ../boot;
			sourceTree = SOURCE_ROOT;
		};
		1D91BF6B127B51BC002F0AB4 /* conf */ = {
			isa = PBXGroup;
			children = (
				1D91BF6C127B51BC002F0AB4 /* env.mk */,
				1D91BF6D127B51BC002F0AB4 /* lab.mk */,
			);
			name = conf;
			path = ../conf;
			sourceTree = SOURCE_ROOT;
		};
		1D91BF73127B51BC002F0AB4 /* inc */ = {
			isa = PBXGroup;
			children = (
				1D91BF74127B51BC002F0AB4 /* assert.h */,
				1D91BF75127B51BC002F0AB4 /* COPYRIGHT */,
				1D91BF76127B51BC002F0AB4 /* elf.h */,
				1D91BF77127B51BC002F0AB4 /* env.h */,
				1D91BF78127B51BC002F0AB4 /* error.h */,
				1D91BF79127B51BC002F0AB4 /* kbdreg.h */,
				1D91BF7A127B51BC002F0AB4 /* lib.h */,
				1D91BF7B127B51BC002F0AB4 /* malloc.h */,
				1D91BF7C127B51BC002F0AB4 /* memlayout.h */,
				1D91BF7D127B51BC002F0AB4 /* mmu.h */,
				1D91BF7E127B51BC002F0AB4 /* queue.h */,
				1D91BF7F127B51BC002F0AB4 /* stab.h */,
				1D91BF80127B51BC002F0AB4 /* stdarg.h */,
				1D91BF81127B51BC002F0AB4 /* stdio.h */,
				1D91BF82127B51BC002F0AB4 /* string.h */,
				1D91BF83127B51BC002F0AB4 /* syscall.h */,
				1D91BF84127B51BC002F0AB4 /* trap.h */,
				1D91BF85127B51BC002F0AB4 /* types.h */,
				1D91BF86127B51BC002F0AB4 /* x86.h */,
			);
			name = inc;
			path = ../inc;
			sourceTree = SOURCE_ROOT;
		};
		1D91BF87127B51BC002F0AB4 /* kern */ = {
			isa = PBXGroup;
			children = (
				1D91BF88127B51BC002F0AB4 /* console.c */,
				1D91BF89127B51BC002F0AB4 /* console.h */,
				1D91BF8A127B51BC002F0AB4 /* COPYRIGHT */,
				1D91BF8B127B51BC002F0AB4 /* entry.S */,
				1D91BF8C127B51BC002F0AB4 /* env.c */,
				1D91BF8D127B51BC002F0AB4 /* env.h */,
				1D91BF8E127B51BC002F0AB4 /* init.c */,
				1D91BF8F127B51BC002F0AB4 /* kclock.c */,
				1D91BF90127B51BC002F0AB4 /* kclock.h */,
				1D91BF91127B51BC002F0AB4 /* kdebug.c */,
				1D91BF92127B51BC002F0AB4 /* kdebug.h */,
				1D91BF93127B51BC002F0AB4 /* kernel.ld */,
				1D91BF94127B51BC002F0AB4 /* Makefrag */,
				1D91BF95127B51BC002F0AB4 /* monitor.c */,
				1D91BF96127B51BC002F0AB4 /* monitor.h */,
				1D91BF97127B51BC002F0AB4 /* pmap.c */,
				1D91BF98127B51BC002F0AB4 /* pmap.h */,
				1D91BF99127B51BC002F0AB4 /* printf.c */,
				1D91BF9A127B51BC002F0AB4 /* syscall.c */,
				1D91BF9B127B51BC002F0AB4 /* syscall.h */,
				1D91BF9C127B51BC002F0AB4 /* trap.c */,
				1D91BF9D127B51BC002F0AB4 /* trap.h */,
				1D91BF9E127B51BC002F0AB4 /* trapentry.S */,
			);
			name = kern;
			path = ../kern;
			sourceTree = SOURCE_ROOT;
		};
		1D91BF9F127B51BC002F0AB4 /* lib */ = {
			isa = PBXGroup;
			children = (
				1D91BFA0127B51BC002F0AB4 /* console.c */,
				1D91BFA1127B51BC002F0AB4 /* entry.S */,
				1D91BFA2127B51BC002F0AB4 /* exit.c */,
				1D91BFA3127B51BC002F0AB4 /* libmain.c */,
				1D91BFA4127B51BC002F0AB4 /* Makefrag */,
				1D91BFA5127B51BC002F0AB4 /* nsipc.c */,
				1D91BFA6127B51BC002F0AB4 /* panic.c */,
				1D91BFA7127B51BC002F0AB4 /* printf.c */,
				1D91BFA8127B51BC002F0AB4 /* printfmt.c */,
				1D91BFA9127B51BC002F0AB4 /* readline.c */,
				1D91BFAA127B51BC002F0AB4 /* sockets.c */,
				1D91BFAB127B51BC002F0AB4 /* string.c */,
				1D91BFAC127B51BC002F0AB4 /* syscall.c */,
			);
			name = lib;
			path = ../lib;
			sourceTree = SOURCE_ROOT;
		};
		1D91BFAE127B51BC002F0AB4 /* obj */ = {
			isa = PBXGroup;
			children = (
				1D91BFAF127B51BC002F0AB4 /* .deps */,
				1D91BFB0127B51BC002F0AB4 /* boot */,
				1D91BFB6127B51BC002F0AB4 /* kern */,
				1D91BFCC127B51BC002F0AB4 /* lib */,
				1D91BFD8127B51BC002F0AB4 /* user */,
			);
			name = obj;
			path = ../obj;
			sourceTree = SOURCE_ROOT;
		};
		1D91BFB0127B51BC002F0AB4 /* boot */ = {
			isa = PBXGroup;
			children = (
				1D91BFB1127B51BC002F0AB4 /* boot */,
				1D91BFB2127B51BC002F0AB4 /* boot.asm */,
				1D91BFB3127B51BC002F0AB4 /* boot.o */,
				1D91BFB4127B51BC002F0AB4 /* boot.out */,
				1D91BFB5127B51BC002F0AB4 /* main.o */,
			);
			path = boot;
			sourceTree = "<group>";
		};
		1D91BFB6127B51BC002F0AB4 /* kern */ = {
			isa = PBXGroup;
			children = (
				1D91BFB7127B51BC002F0AB4 /* console.o */,
				1D91BFB8127B51BC002F0AB4 /* entry.o */,
				1D91BFB9127B51BC002F0AB4 /* env.o */,
				1D91BFBA127B51BC002F0AB4 /* init.o */,
				1D91BFBB127B51BC002F0AB4 /* kclock.o */,
				1D91BFBC127B51BC002F0AB4 /* kdebug.o */,
				1D91BFBD127B51BC002F0AB4 /* kernel */,
				1D91BFBE127B51BC002F0AB4 /* kernel.asm */,
				1D91BFBF127B51BC002F0AB4 /* kernel.img */,
				1D91BFC0127B51BC002F0AB4 /* kernel.sym */,
				1D91BFC1127B51BC002F0AB4 /* monitor.o */,
				1D91BFC2127B51BC002F0AB4 /* pmap.o */,
				1D91BFC3127B51BC002F0AB4 /* printf.o */,
				1D91BFC4127B51BC002F0AB4 /* printfmt.o */,
				1D91BFC5127B51BC002F0AB4 /* readline.o */,
				1D91BFC6127B51BC002F0AB4 /* string.o */,
				1D91BFC7127B51BC002F0AB4 /* syscall.d */,
				1D91BFC8127B51BC002F0AB4 /* syscall.o */,
				1D91BFC9127B51BC002F0AB4 /* trap.d */,
				1D91BFCA127B51BC002F0AB4 /* trap.o */,
				1D91BFCB127B51BC002F0AB4 /* trapentry.o */,
			);
			path = kern;
			sourceTree = "<group>";
		};
		1D91BFCC127B51BC002F0AB4 /* lib */ = {
			isa = PBXGroup;
			children = (
				1D91BFCD127B51BC002F0AB4 /* console.o */,
				1D91BFCE127B51BC002F0AB4 /* entry.o */,
				1D91BFCF127B51BC002F0AB4 /* exit.o */,
				1D91BFD0127B51BC002F0AB4 /* libjos.a */,
				1D91BFD1127B51BC002F0AB4 /* libmain.o */,
				1D91BFD2127B51BC002F0AB4 /* panic.o */,
				1D91BFD3127B51BC002F0AB4 /* printf.o */,
				1D91BFD4127B51BC002F0AB4 /* printfmt.o */,
				1D91BFD5127B51BC002F0AB4 /* readline.o */,
				1D91BFD6127B51BC002F0AB4 /* string.o */,
				1D91BFD7127B51BC002F0AB4 /* syscall.o */,
			);
			path = lib;
			sourceTree = "<group>";
		};
		1D91BFD8127B51BC002F0AB4 /* user */ = {
			isa = PBXGroup;
			children = (
				1D91BFD9127B51BC002F0AB4 /* badsegment */,
				1D91BFDA127B51BC002F0AB4 /* badsegment.asm */,
				1D91BFDB127B51BC002F0AB4 /* badsegment.o */,
				1D91BFDC127B51BC002F0AB4 /* badsegment.sym */,
				1D91BFDD127B51BC002F0AB4 /* breakpoint */,
				1D91BFDE127B51BC002F0AB4 /* breakpoint.asm */,
				1D91BFDF127B51BC002F0AB4 /* breakpoint.o */,
				1D91BFE0127B51BC002F0AB4 /* breakpoint.sym */,
				1D91BFE1127B51BC002F0AB4 /* buggyhello */,
				1D91BFE2127B51BC002F0AB4 /* buggyhello.asm */,
				1D91BFE3127B51BC002F0AB4 /* buggyhello.o */,
				1D91BFE4127B51BC002F0AB4 /* buggyhello.sym */,
				1D91BFE5127B51BC002F0AB4 /* buggyhello2 */,
				1D91BFE6127B51BC002F0AB4 /* buggyhello2.asm */,
				1D91BFE7127B51BC002F0AB4 /* buggyhello2.o */,
				1D91BFE8127B51BC002F0AB4 /* buggyhello2.sym */,
				1D91BFE9127B51BC002F0AB4 /* divzero */,
				1D91BFEA127B51BC002F0AB4 /* divzero.asm */,
				1D91BFEB127B51BC002F0AB4 /* divzero.o */,
				1D91BFEC127B51BC002F0AB4 /* divzero.sym */,
				1D91BFED127B51BC002F0AB4 /* evilhello */,
				1D91BFEE127B51BC002F0AB4 /* evilhello.asm */,
				1D91BFEF127B51BC002F0AB4 /* evilhello.o */,
				1D91BFF0127B51BC002F0AB4 /* evilhello.sym */,
				1D91BFF1127B51BC002F0AB4 /* faultread */,
				1D91BFF2127B51BC002F0AB4 /* faultread.asm */,
				1D91BFF3127B51BC002F0AB4 /* faultread.o */,
				1D91BFF4127B51BC002F0AB4 /* faultread.sym */,
				1D91BFF5127B51BC002F0AB4 /* faultreadkernel */,
				1D91BFF6127B51BC002F0AB4 /* faultreadkernel.asm */,
				1D91BFF7127B51BC002F0AB4 /* faultreadkernel.o */,
				1D91BFF8127B51BC002F0AB4 /* faultreadkernel.sym */,
				1D91BFF9127B51BC002F0AB4 /* faultwrite */,
				1D91BFFA127B51BC002F0AB4 /* faultwrite.asm */,
				1D91BFFB127B51BC002F0AB4 /* faultwrite.o */,
				1D91BFFC127B51BC002F0AB4 /* faultwrite.sym */,
				1D91BFFD127B51BC002F0AB4 /* faultwritekernel */,
				1D91BFFE127B51BC002F0AB4 /* faultwritekernel.asm */,
				1D91BFFF127B51BC002F0AB4 /* faultwritekernel.o */,
				1D91C000127B51BC002F0AB4 /* faultwritekernel.sym */,
				1D91C001127B51BC002F0AB4 /* hello */,
				1D91C002127B51BC002F0AB4 /* hello.asm */,
				1D91C003127B51BC002F0AB4 /* hello.o */,
				1D91C004127B51BC002F0AB4 /* hello.sym */,
				1D91C005127B51BC002F0AB4 /* softint */,
				1D91C006127B51BC002F0AB4 /* softint.asm */,
				1D91C007127B51BC002F0AB4 /* softint.o */,
				1D91C008127B51BC002F0AB4 /* softint.sym */,
				1D91C009127B51BC002F0AB4 /* testbss */,
				1D91C00A127B51BC002F0AB4 /* testbss.asm */,
				1D91C00B127B51BC002F0AB4 /* testbss.o */,
				1D91C00C127B51BC002F0AB4 /* testbss.sym */,
			);
			path = user;
			sourceTree = "<group>";
		};
		1D91C00D127B51BC002F0AB4 /* user */ = {
			isa = PBXGroup;
			children = (
				1D91C00E127B51BC002F0AB4 /* badsegment.c */,
				1D91C00F127B51BC002F0AB4 /* breakpoint.c */,
				1D91C010127B51BC002F0AB4 /* buggyhello.c */,
				1D91C011127B51BC002F0AB4 /* buggyhello2.c */,
				1D91C012127B51BC002F0AB4 /* divzero.c */,
				1D91C013127B51BC002F0AB4 /* evilhello.c */,
				1D91C014127B51BC002F0AB4 /* faultread.c */,
				1D91C015127B51BC002F0AB4 /* faultreadkernel.c */,
				1D91C016127B51BC002F0AB4 /* faultwrite.c */,
				1D91C017127B51BC002F0AB4 /* faultwritekernel.c */,
				1D91C018127B51BC002F0AB4 /* hello.c */,
				1D91C019127B51BC002F0AB4 /* Makefrag */,
				1D91C01A127B51BC002F0AB4 /* softint.c */,
				1D91C01B127B51BC002F0AB4 /* testbss.c */,
				1D91C01C127B51BC002F0AB4 /* user.ld */,
			);
			name = user;
			path = ../user;
			sourceTree = SOURCE_ROOT;
		};
/* End PBXGroup section */

/* Begin PBXProject section */
		08FB7793FE84155DC02AAC07 /* Project object */ = {
			isa = PBXProject;
			buildConfigurationList = 1DEB919308733D9F0010E9CD /* Build configuration list for PBXProject "jos" */;
			compatibilityVersion = "Xcode 3.1";
			developmentRegion = English;
			hasScannedForEncodings = 1;
			knownRegions = (
				English,
				Japanese,
				French,
				German,
			);
			mainGroup = 08FB7794FE84155DC02AAC07 /* jos */;
			projectDirPath = "";
			projectRoot = "";
			targets = (
				1D33DFE2127C2C32005F0B20 /* make */,
			);
		};
/* End PBXProject section */

/* Begin PBXShellScriptBuildPhase section */
		1D33DFE1127C2C32005F0B20 /* ShellScript */ = {
			isa = PBXShellScriptBuildPhase;
			buildActionMask = 2147483647;
			files = (
			);
			inputPaths = (
			);
			outputPaths = (
			);
			runOnlyForDeploymentPostprocessing = 0;
			shellPath = /bin/sh;
			shellScript = "# shell script goes here\nexport PATH=/usr/local/jos/bin:$PATH\nPWD=`pwd`\ncd $(PWD)/../\nmake\nexit 0";
		};
/* End PBXShellScriptBuildPhase section */

/* Begin XCBuildConfiguration section */
		1D33DFE3127C2C32005F0B20 /* Debug */ = {
			isa = XCBuildConfiguration;
			buildSettings = {
				COPY_PHASE_STRIP = NO;
				GCC_DYNAMIC_NO_PIC = NO;
				GCC_OPTIMIZATION_LEVEL = 0;
				PRODUCT_NAME = qemu;
			};
			name = Debug;
		};
		1D33DFE4127C2C32005F0B20 /* Release */ = {
			isa = XCBuildConfiguration;
			buildSettings = {
				COPY_PHASE_STRIP = YES;
				DEBUG_INFORMATION_FORMAT = "dwarf-with-dsym";
				GCC_ENABLE_FIX_AND_CONTINUE = NO;
				PRODUCT_NAME = qemu;
				ZERO_LINK = NO;
			};
			name = Release;
		};
		1DEB919408733D9F0010E9CD /* Debug */ = {
			isa = XCBuildConfiguration;
			buildSettings = {
				ARCHS = "$(ARCHS_STANDARD_32_BIT)";
				GCC_WARN_ABOUT_RETURN_TYPE = YES;
				GCC_WARN_UNUSED_VARIABLE = YES;
				ONLY_ACTIVE_ARCH = YES;
				PREBINDING = NO;
				SDKROOT = macosx10.6;
			};
			name = Debug;
		};
		1DEB919508733D9F0010E9CD /* Release */ = {
			isa = XCBuildConfiguration;
			buildSettings = {
				ARCHS = "$(ARCHS_STANDARD_32_BIT)";
				GCC_WARN_ABOUT_RETURN_TYPE = YES;
				GCC_WARN_UNUSED_VARIABLE = YES;
				PREBINDING = NO;
				SDKROOT = macosx10.6;
			};
			name = Release;
		};
/* End XCBuildConfiguration section */

/* Begin XCConfigurationList section */
		1D33DFE5127C2C50005F0B20 /* Build configuration list for PBXAggregateTarget "make" */ = {
			isa = XCConfigurationList;
			buildConfigurations = (
				1D33DFE3127C2C32005F0B20 /* Debug */,
				1D33DFE4127C2C32005F0B20 /* Release */,
			);
			defaultConfigurationIsVisible = 0;
			defaultConfigurationName = Release;
		};
		1DEB919308733D9F0010E9CD /* Build configuration list for PBXProject "jos" */ = {
			isa = XCConfigurationList;
			buildConfigurations = (
				1DEB919408733D9F0010E9CD /* Debug */,
				1DEB919508733D9F0010E9CD /* Release */,
			);
			defaultConfigurationIsVisible = 0;
			defaultConfigurationName = Release;
		};
/* End XCConfigurationList section */
	};
	rootObject = 08FB7793FE84155DC02AAC07 /* Project object */;
}
